
Microsoft Visual Studio Solution File, Format Version 12.00
# Visual Studio Version 16
VisualStudioVersion = 16.0.28803.352
MinimumVisualStudioVersion = 10.0.40219.1
Project("{9A19103F-16F7-4668-BE54-9A1E7A4F7556}") = "ToDo.Web", "ToDo.Web\ToDo.Web.csproj", "{4FE71B73-670C-4900-93F6-E2432006E3D0}"
EndProject
Project("{2150E333-8FDC-42A3-9474-1A3956D46DE8}") = "tests", "tests", "{0DAA75CF-E1F9-487F-866F-3EBB63112050}"
EndProject
Project("{9A19103F-16F7-4668-BE54-9A1E7A4F7556}") = "ToDo.Data.Tests", "ToDo.Data.Tests\ToDo.Data.Tests.csproj", "{87E1796F-4C02-4FEC-9D4C-7231304F06CE}"
EndProject
Project("{9A19103F-16F7-4668-BE54-9A1E7A4F7556}") = "ToDo.Services.Tests", "ToDo.Services.Tests\ToDo.Services.Tests.csproj", "{32B62B33-ED61-4962-942B-02917AC06AF0}"
EndProject
Project("{9A19103F-16F7-4668-BE54-9A1E7A4F7556}") = "ToDo.Web.Tests", "ToDo.Web.Tests\ToDo.Web.Tests.csproj", "{082EFBC9-AAC4-4382-8EB6-C1A5A524AD64}"
EndProject
Project("{9A19103F-16F7-4668-BE54-9A1E7A4F7556}") = "ToDo.Web.IntegrationTests", "ToDo.Web.IntegrationTests\ToDo.Web.IntegrationTests.csproj", "{E37F24DA-08CE-4494-8945-65D9E6A05A86}"
EndProject
Project("{2150E333-8FDC-42A3-9474-1A3956D46DE8}") = "Solution Items", "Solution Items", "{C1FE0C4D-43A4-4473-9B7C-52A1709A64E2}"
	ProjectSection(SolutionItems) = preProject
		.dockerignore = .dockerignore
		.gitignore = .gitignore
		README.md = README.md
	EndProjectSection
EndProject
Project("{FAE04EC0-301F-11D3-BF4B-00C04F79EFBC}") = "ToDo.Domain", "ToDo.Domain\ToDo.Domain.csproj", "{E7E7303A-E3CE-4BA6-9E8F-62DD40C049A8}"
EndProject
Project("{FAE04EC0-301F-11D3-BF4B-00C04F79EFBC}") = "ToDo.Infrastructure", "ToDo.Infrastructure\ToDo.Infrastructure.csproj", "{EB738677-8B3B-47D3-A551-40F2F47644FB}"
EndProject
Project("{FAE04EC0-301F-11D3-BF4B-00C04F79EFBC}") = "ToDo.Application", "ToDo.Application\ToDo.Application.csproj", "{E0BC3E95-3DB8-4EF0-88C6-6AB26D4AEADE}"
EndProject
Project("{FAE04EC0-301F-11D3-BF4B-00C04F79EFBC}") = "ToDo.Application.Tests", "ToDo.Application.Tests\ToDo.Application.Tests.csproj", "{B7FD4A9D-8C7C-4887-BB6B-592399078628}"
EndProject
Global
	GlobalSection(SolutionConfigurationPlatforms) = preSolution
		Debug|Any CPU = Debug|Any CPU
		Release|Any CPU = Release|Any CPU
	EndGlobalSection
	GlobalSection(ProjectConfigurationPlatforms) = postSolution
		{4FE71B73-670C-4900-93F6-E2432006E3D0}.Debug|Any CPU.ActiveCfg = Debug|Any CPU
		{4FE71B73-670C-4900-93F6-E2432006E3D0}.Debug|Any CPU.Build.0 = Debug|Any CPU
		{4FE71B73-670C-4900-93F6-E2432006E3D0}.Release|Any CPU.ActiveCfg = Release|Any CPU
		{4FE71B73-670C-4900-93F6-E2432006E3D0}.Release|Any CPU.Build.0 = Release|Any CPU
		{87E1796F-4C02-4FEC-9D4C-7231304F06CE}.Debug|Any CPU.ActiveCfg = Debug|Any CPU
		{87E1796F-4C02-4FEC-9D4C-7231304F06CE}.Debug|Any CPU.Build.0 = Debug|Any CPU
		{87E1796F-4C02-4FEC-9D4C-7231304F06CE}.Release|Any CPU.ActiveCfg = Release|Any CPU
		{87E1796F-4C02-4FEC-9D4C-7231304F06CE}.Release|Any CPU.Build.0 = Release|Any CPU
		{32B62B33-ED61-4962-942B-02917AC06AF0}.Debug|Any CPU.ActiveCfg = Debug|Any CPU
		{32B62B33-ED61-4962-942B-02917AC06AF0}.Debug|Any CPU.Build.0 = Debug|Any CPU
		{32B62B33-ED61-4962-942B-02917AC06AF0}.Release|Any CPU.ActiveCfg = Release|Any CPU
		{32B62B33-ED61-4962-942B-02917AC06AF0}.Release|Any CPU.Build.0 = Release|Any CPU
		{082EFBC9-AAC4-4382-8EB6-C1A5A524AD64}.Debug|Any CPU.ActiveCfg = Debug|Any CPU
		{082EFBC9-AAC4-4382-8EB6-C1A5A524AD64}.Debug|Any CPU.Build.0 = Debug|Any CPU
		{082EFBC9-AAC4-4382-8EB6-C1A5A524AD64}.Release|Any CPU.ActiveCfg = Release|Any CPU
		{082EFBC9-AAC4-4382-8EB6-C1A5A524AD64}.Release|Any CPU.Build.0 = Release|Any CPU
		{E37F24DA-08CE-4494-8945-65D9E6A05A86}.Debug|Any CPU.ActiveCfg = Debug|Any CPU
		{E37F24DA-08CE-4494-8945-65D9E6A05A86}.Debug|Any CPU.Build.0 = Debug|Any CPU
		{E37F24DA-08CE-4494-8945-65D9E6A05A86}.Release|Any CPU.ActiveCfg = Release|Any CPU
		{E37F24DA-08CE-4494-8945-65D9E6A05A86}.Release|Any CPU.Build.0 = Release|Any CPU
		{E7E7303A-E3CE-4BA6-9E8F-62DD40C049A8}.Debug|Any CPU.ActiveCfg = Debug|Any CPU
		{E7E7303A-E3CE-4BA6-9E8F-62DD40C049A8}.Debug|Any CPU.Build.0 = Debug|Any CPU
		{E7E7303A-E3CE-4BA6-9E8F-62DD40C049A8}.Release|Any CPU.ActiveCfg = Release|Any CPU
		{E7E7303A-E3CE-4BA6-9E8F-62DD40C049A8}.Release|Any CPU.Build.0 = Release|Any CPU
		{EB738677-8B3B-47D3-A551-40F2F47644FB}.Debug|Any CPU.ActiveCfg = Debug|Any CPU
		{EB738677-8B3B-47D3-A551-40F2F47644FB}.Debug|Any CPU.Build.0 = Debug|Any CPU
		{EB738677-8B3B-47D3-A551-40F2F47644FB}.Release|Any CPU.ActiveCfg = Release|Any CPU
		{EB738677-8B3B-47D3-A551-40F2F47644FB}.Release|Any CPU.Build.0 = Release|Any CPU
		{E0BC3E95-3DB8-4EF0-88C6-6AB26D4AEADE}.Debug|Any CPU.ActiveCfg = Debug|Any CPU
		{E0BC3E95-3DB8-4EF0-88C6-6AB26D4AEADE}.Debug|Any CPU.Build.0 = Debug|Any CPU
		{E0BC3E95-3DB8-4EF0-88C6-6AB26D4AEADE}.Release|Any CPU.ActiveCfg = Release|Any CPU
		{E0BC3E95-3DB8-4EF0-88C6-6AB26D4AEADE}.Release|Any CPU.Build.0 = Release|Any CPU
		{B7FD4A9D-8C7C-4887-BB6B-592399078628}.Debug|Any CPU.ActiveCfg = Debug|Any CPU
		{B7FD4A9D-8C7C-4887-BB6B-592399078628}.Debug|Any CPU.Build.0 = Debug|Any CPU
		{B7FD4A9D-8C7C-4887-BB6B-592399078628}.Release|Any CPU.ActiveCfg = Release|Any CPU
		{B7FD4A9D-8C7C-4887-BB6B-592399078628}.Release|Any CPU.Build.0 = Release|Any CPU
	EndGlobalSection
	GlobalSection(SolutionProperties) = preSolution
		HideSolutionNode = FALSE
	EndGlobalSection
	GlobalSection(NestedProjects) = preSolution
		{87E1796F-4C02-4FEC-9D4C-7231304F06CE} = {0DAA75CF-E1F9-487F-866F-3EBB63112050}
		{32B62B33-ED61-4962-942B-02917AC06AF0} = {0DAA75CF-E1F9-487F-866F-3EBB63112050}
		{082EFBC9-AAC4-4382-8EB6-C1A5A524AD64} = {0DAA75CF-E1F9-487F-866F-3EBB63112050}
		{E37F24DA-08CE-4494-8945-65D9E6A05A86} = {0DAA75CF-E1F9-487F-866F-3EBB63112050}
		{B7FD4A9D-8C7C-4887-BB6B-592399078628} = {0DAA75CF-E1F9-487F-866F-3EBB63112050}
	EndGlobalSection
	GlobalSection(ExtensibilityGlobals) = postSolution
		SolutionGuid = {726B7C26-85D2-4700-922B-4CEDDB092356}
	EndGlobalSection
EndGlobal
